
Microsoft Visual Studio Solution File, Format Version 12.00
# Visual Studio Version 16
VisualStudioVersion = 25.0.1703.8
MinimumVisualStudioVersion = 10.0.40219.1
Project("{FAE04EC0-301F-11D3-BF4B-00C04F79EFBC}") = "MethodSignature", "MethodSignature\MethodSignature.csproj", "{143722C0-24BF-49F5-B147-60A212A2154B}"
EndProject
Global
	GlobalSection(SolutionConfigurationPlatforms) = preSolution
		Debug|Any CPU = Debug|Any CPU
		Release|Any CPU = Release|Any CPU
	EndGlobalSection
	GlobalSection(ProjectConfigurationPlatforms) = postSolution
		{143722C0-24BF-49F5-B147-60A212A2154B}.Debug|Any CPU.ActiveCfg = Debug|Any CPU
		{143722C0-24BF-49F5-B147-60A212A2154B}.Debug|Any CPU.Build.0 = Debug|Any CPU
		{143722C0-24BF-49F5-B147-60A212A2154B}.Release|Any CPU.ActiveCfg = Release|Any CPU
		{143722C0-24BF-49F5-B147-60A212A2154B}.Release|Any CPU.Build.0 = Release|Any CPU
	EndGlobalSection
	GlobalSection(SolutionProperties) = preSolution
		HideSolutionNode = FALSE
	EndGlobalSection
	GlobalSection(ExtensibilityGlobals) = postSolution
		SolutionGuid = {77E63B15-2929-4C6D-8FCC-54F3A020F103}
	EndGlobalSection
EndGlobal
